// !$*UTF8*$!
{
	archiveVersion = 1;
	classes = {
	};
	objectVersion = 46;
	objects = {

/* Begin PBXBuildFile section */
		4358D0122CB04E26084A443D /* Pods_Assignment1.framework in Frameworks */ = {isa = PBXBuildFile; fileRef = E9690AC7FC6845BAE341369D /* Pods_Assignment1.framework */; };
		BC3484F61E4A8F870054EFFE /* DetailViewController.swift in Sources */ = {isa = PBXBuildFile; fileRef = BC3484F51E4A8F870054EFFE /* DetailViewController.swift */; };
		BC69366C1E4929830006C51C /* CollectionViewController.swift in Sources */ = {isa = PBXBuildFile; fileRef = BC69366B1E4929830006C51C /* CollectionViewController.swift */; };
		BC871F9E1E454690000F5958 /* AppDelegate.swift in Sources */ = {isa = PBXBuildFile; fileRef = BC871F9D1E454690000F5958 /* AppDelegate.swift */; };
		BC871FA31E454691000F5958 /* Main.storyboard in Resources */ = {isa = PBXBuildFile; fileRef = BC871FA11E454691000F5958 /* Main.storyboard */; };
		BC871FA51E454691000F5958 /* Assets.xcassets in Resources */ = {isa = PBXBuildFile; fileRef = BC871FA41E454691000F5958 /* Assets.xcassets */; };
		BC871FA81E454691000F5958 /* LaunchScreen.storyboard in Resources */ = {isa = PBXBuildFile; fileRef = BC871FA61E454691000F5958 /* LaunchScreen.storyboard */; };
		BC871FB01E454900000F5958 /* MoviesViewController.swift in Sources */ = {isa = PBXBuildFile; fileRef = BC871FAF1E454900000F5958 /* MoviesViewController.swift */; };
		BC871FB81E4686C5000F5958 /* MovieCell.swift in Sources */ = {isa = PBXBuildFile; fileRef = BC871FB71E4686C5000F5958 /* MovieCell.swift */; };
		BCDB149F1E494B1D0018AC1B /* CollectionViewCell.swift in Sources */ = {isa = PBXBuildFile; fileRef = BCDB149E1E494B1D0018AC1B /* CollectionViewCell.swift */; };
/* End PBXBuildFile section */

/* Begin PBXFileReference section */
		BC3484F51E4A8F870054EFFE /* DetailViewController.swift */ = {isa = PBXFileReference; fileEncoding = 4; lastKnownFileType = sourcecode.swift; path = DetailViewController.swift; sourceTree = "<group>"; };
		BC69366B1E4929830006C51C /* CollectionViewController.swift */ = {isa = PBXFileReference; fileEncoding = 4; lastKnownFileType = sourcecode.swift; path = CollectionViewController.swift; sourceTree = "<group>"; };
		BC871F9A1E454690000F5958 /* Assignment1.app */ = {isa = PBXFileReference; explicitFileType = wrapper.application; includeInIndex = 0; path = Assignment1.app; sourceTree = BUILT_PRODUCTS_DIR; };
		BC871F9D1E454690000F5958 /* AppDelegate.swift */ = {isa = PBXFileReference; lastKnownFileType = sourcecode.swift; path = AppDelegate.swift; sourceTree = "<group>"; };
		BC871FA21E454691000F5958 /* Base */ = {isa = PBXFileReference; lastKnownFileType = file.storyboard; name = Base; path = Base.lproj/Main.storyboard; sourceTree = "<group>"; };
		BC871FA41E454691000F5958 /* Assets.xcassets */ = {isa = PBXFileReference; lastKnownFileType = folder.assetcatalog; path = Assets.xcassets; sourceTree = "<group>"; };
		BC871FA71E454691000F5958 /* Base */ = {isa = PBXFileReference; lastKnownFileType = file.storyboard; name = Base; path = Base.lproj/LaunchScreen.storyboard; sourceTree = "<group>"; };
		BC871FA91E454691000F5958 /* Info.plist */ = {isa = PBXFileReference; lastKnownFileType = text.plist.xml; path = Info.plist; sourceTree = "<group>"; };
		BC871FAF1E454900000F5958 /* MoviesViewController.swift */ = {isa = PBXFileReference; fileEncoding = 4; lastKnownFileType = sourcecode.swift; path = MoviesViewController.swift; sourceTree = "<group>"; };
		BC871FB71E4686C5000F5958 /* MovieCell.swift */ = {isa = PBXFileReference; fileEncoding = 4; lastKnownFileType = sourcecode.swift; path = MovieCell.swift; sourceTree = "<group>"; };
		BCDB149E1E494B1D0018AC1B /* CollectionViewCell.swift */ = {isa = PBXFileReference; fileEncoding = 4; lastKnownFileType = sourcecode.swift; path = CollectionViewCell.swift; sourceTree = "<group>"; };
		E9690AC7FC6845BAE341369D /* Pods_Assignment1.framework */ = {isa = PBXFileReference; explicitFileType = wrapper.framework; includeInIndex = 0; path = Pods_Assignment1.framework; sourceTree = BUILT_PRODUCTS_DIR; };
		EA0AA476385CAD9A46CF5AD4 /* Pods-Assignment1.debug.xcconfig */ = {isa = PBXFileReference; includeInIndex = 1; lastKnownFileType = text.xcconfig; name = "Pods-Assignment1.debug.xcconfig"; path = "Pods/Target Support Files/Pods-Assignment1/Pods-Assignment1.debug.xcconfig"; sourceTree = "<group>"; };
		F894514E34A0E3E06270568E /* Pods-Assignment1.release.xcconfig */ = {isa = PBXFileReference; includeInIndex = 1; lastKnownFileType = text.xcconfig; name = "Pods-Assignment1.release.xcconfig"; path = "Pods/Target Support Files/Pods-Assignment1/Pods-Assignment1.release.xcconfig"; sourceTree = "<group>"; };
/* End PBXFileReference section */

/* Begin PBXFrameworksBuildPhase section */
		BC871F971E454690000F5958 /* Frameworks */ = {
			isa = PBXFrameworksBuildPhase;
			buildActionMask = 2147483647;
			files = (
				4358D0122CB04E26084A443D /* Pods_Assignment1.framework in Frameworks */,
			);
			runOnlyForDeploymentPostprocessing = 0;
		};
/* End PBXFrameworksBuildPhase section */

/* Begin PBXGroup section */
		4FC8C4D7B5738BB99C51D582 /* Frameworks */ = {
			isa = PBXGroup;
			children = (
				E9690AC7FC6845BAE341369D /* Pods_Assignment1.framework */,
			);
			name = Frameworks;
			sourceTree = "<group>";
		};
		A14887FE1BA23B04DCE68B49 /* Pods */ = {
			isa = PBXGroup;
			children = (
				EA0AA476385CAD9A46CF5AD4 /* Pods-Assignment1.debug.xcconfig */,
				F894514E34A0E3E06270568E /* Pods-Assignment1.release.xcconfig */,
			);
			name = Pods;
			sourceTree = "<group>";
		};
		BC69366D1E4932E20006C51C /* CollectionViewController */ = {
			isa = PBXGroup;
			children = (
				BC69366B1E4929830006C51C /* CollectionViewController.swift */,
				BCDB149E1E494B1D0018AC1B /* CollectionViewCell.swift */,
			);
			name = CollectionViewController;
			sourceTree = "<group>";
		};
		BC871F911E454690000F5958 = {
			isa = PBXGroup;
			children = (
				BC871F9C1E454690000F5958 /* Assignment1 */,
				BC871F9B1E454690000F5958 /* Products */,
				A14887FE1BA23B04DCE68B49 /* Pods */,
				4FC8C4D7B5738BB99C51D582 /* Frameworks */,
			);
			sourceTree = "<group>";
		};
		BC871F9B1E454690000F5958 /* Products */ = {
			isa = PBXGroup;
			children = (
				BC871F9A1E454690000F5958 /* Assignment1.app */,
			);
			name = Products;
			sourceTree = "<group>";
		};
		BC871F9C1E454690000F5958 /* Assignment1 */ = {
			isa = PBXGroup;
			children = (
				BC69366D1E4932E20006C51C /* CollectionViewController */,
				BC871FB41E4681AB000F5958 /* ViewController */,
				BC871FB11E468173000F5958 /* Views */,
				BC871F9D1E454690000F5958 /* AppDelegate.swift */,
				BC871FA11E454691000F5958 /* Main.storyboard */,
				BC871FA41E454691000F5958 /* Assets.xcassets */,
				BC871FA61E454691000F5958 /* LaunchScreen.storyboard */,
				BC871FA91E454691000F5958 /* Info.plist */,
			);
			path = Assignment1;
			sourceTree = "<group>";
		};
		BC871FB11E468173000F5958 /* Views */ = {
			isa = PBXGroup;
			children = (
				BC871FB71E4686C5000F5958 /* MovieCell.swift */,
			);
			name = Views;
			sourceTree = "<group>";
		};
		BC871FB41E4681AB000F5958 /* ViewController */ = {
			isa = PBXGroup;
			children = (
				BC3484F51E4A8F870054EFFE /* DetailViewController.swift */,
				BC871FAF1E454900000F5958 /* MoviesViewController.swift */,
			);
			name = ViewController;
			sourceTree = "<group>";
		};
/* End PBXGroup section */

/* Begin PBXNativeTarget section */
		BC871F991E454690000F5958 /* Assignment1 */ = {
			isa = PBXNativeTarget;
			buildConfigurationList = BC871FAC1E454691000F5958 /* Build configuration list for PBXNativeTarget "Assignment1" */;
			buildPhases = (
				81D2D2BF8C135FEF35DEDD0E /* [CP] Check Pods Manifest.lock */,
				BC871F961E454690000F5958 /* Sources */,
				BC871F971E454690000F5958 /* Frameworks */,
				BC871F981E454690000F5958 /* Resources */,
				8C0E2BFF7DDB8BA16B6073BB /* [CP] Embed Pods Frameworks */,
				7502B6DB41075634DB10021F /* [CP] Copy Pods Resources */,
			);
			buildRules = (
			);
			dependencies = (
			);
			name = Assignment1;
			productName = Assignment1;
			productReference = BC871F9A1E454690000F5958 /* Assignment1.app */;
			productType = "com.apple.product-type.application";
		};
/* End PBXNativeTarget section */

/* Begin PBXProject section */
		BC871F921E454690000F5958 /* Project object */ = {
			isa = PBXProject;
			attributes = {
				LastSwiftUpdateCheck = 0820;
				LastUpgradeCheck = 0820;
				ORGANIZATIONNAME = LionelEisenberg;
				TargetAttributes = {
					BC871F991E454690000F5958 = {
						CreatedOnToolsVersion = 8.2.1;
						ProvisioningStyle = Automatic;
					};
				};
			};
			buildConfigurationList = BC871F951E454690000F5958 /* Build configuration list for PBXProject "Assignment1" */;
			compatibilityVersion = "Xcode 3.2";
			developmentRegion = English;
			hasScannedForEncodings = 0;
			knownRegions = (
				en,
				Base,
			);
			mainGroup = BC871F911E454690000F5958;
			productRefGroup = BC871F9B1E454690000F5958 /* Products */;
			projectDirPath = "";
			projectRoot = "";
			targets = (
				BC871F991E454690000F5958 /* Assignment1 */,
			);
		};
/* End PBXProject section */

/* Begin PBXResourcesBuildPhase section */
		BC871F981E454690000F5958 /* Resources */ = {
			isa = PBXResourcesBuildPhase;
			buildActionMask = 2147483647;
			files = (
				BC871FA81E454691000F5958 /* LaunchScreen.storyboard in Resources */,
				BC871FA51E454691000F5958 /* Assets.xcassets in Resources */,
				BC871FA31E454691000F5958 /* Main.storyboard in Resources */,
			);
			runOnlyForDeploymentPostprocessing = 0;
		};
/* End PBXResourcesBuildPhase section */

/* Begin PBXShellScriptBuildPhase section */
		7502B6DB41075634DB10021F /* [CP] Copy Pods Resources */ = {
			isa = PBXShellScriptBuildPhase;
			buildActionMask = 2147483647;
			files = (
			);
			inputPaths = (
			);
			name = "[CP] Copy Pods Resources";
			outputPaths = (
			);
			runOnlyForDeploymentPostprocessing = 0;
			shellPath = /bin/sh;
			shellScript = "\"${SRCROOT}/Pods/Target Support Files/Pods-Assignment1/Pods-Assignment1-resources.sh\"\n";
			showEnvVarsInLog = 0;
		};
		81D2D2BF8C135FEF35DEDD0E /* [CP] Check Pods Manifest.lock */ = {
			isa = PBXShellScriptBuildPhase;
			buildActionMask = 2147483647;
			files = (
			);
			inputPaths = (
			);
			name = "[CP] Check Pods Manifest.lock";
			outputPaths = (
			);
			runOnlyForDeploymentPostprocessing = 0;
			shellPath = /bin/sh;
			shellScript = "diff \"${PODS_ROOT}/../Podfile.lock\" \"${PODS_ROOT}/Manifest.lock\" > /dev/null\nif [ $? != 0 ] ; then\n    # print error to STDERR\n    echo \"error: The sandbox is not in sync with the Podfile.lock. Run 'pod install' or update your CocoaPods installation.\" >&2\n    exit 1\nfi\n";
			showEnvVarsInLog = 0;
		};
		8C0E2BFF7DDB8BA16B6073BB /* [CP] Embed Pods Frameworks */ = {
			isa = PBXShellScriptBuildPhase;
			buildActionMask = 2147483647;
			files = (
			);
			inputPaths = (
			);
			name = "[CP] Embed Pods Frameworks";
			outputPaths = (
			);
			runOnlyForDeploymentPostprocessing = 0;
			shellPath = /bin/sh;
			shellScript = "\"${SRCROOT}/Pods/Target Support Files/Pods-Assignment1/Pods-Assignment1-frameworks.sh\"\n";
			showEnvVarsInLog = 0;
		};
/* End PBXShellScriptBuildPhase section */

/* Begin PBXSourcesBuildPhase section */
		BC871F961E454690000F5958 /* Sources */ = {
			isa = PBXSourcesBuildPhase;
			buildActionMask = 2147483647;
			files = (
				BCDB149F1E494B1D0018AC1B /* CollectionViewCell.swift in Sources */,
				BC69366C1E4929830006C51C /* CollectionViewController.swift in Sources */,
				BC871F9E1E454690000F5958 /* AppDelegate.swift in Sources */,
				BC3484F61E4A8F870054EFFE /* DetailViewController.swift in Sources */,
				BC871FB01E454900000F5958 /* MoviesViewController.swift in Sources */,
				BC871FB81E4686C5000F5958 /* MovieCell.swift in Sources */,
			);
			runOnlyForDeploymentPostprocessing = 0;
		};
/* End PBXSourcesBuildPhase section */

/* Begin PBXVariantGroup section */
		BC871FA11E454691000F5958 /* Main.storyboard */ = {
			isa = PBXVariantGroup;
			children = (
				BC871FA21E454691000F5958 /* Base */,
			);
			name = Main.storyboard;
			sourceTree = "<group>";
		};
		BC871FA61E454691000F5958 /* LaunchScreen.storyboard */ = {
			isa = PBXVariantGroup;
			children = (
				BC871FA71E454691000F5958 /* Base */,
			);
			name = LaunchScreen.storyboard;
			sourceTree = "<group>";
		};
/* End PBXVariantGroup section */

/* Begin XCBuildConfiguration section */
		BC871FAA1E454691000F5958 /* Debug */ = {
			isa = XCBuildConfiguration;
			buildSettings = {
				ALWAYS_SEARCH_USER_PATHS = NO;
				CLANG_ANALYZER_NONNULL = YES;
				CLANG_CXX_LANGUAGE_STANDARD = "gnu++0x";
				CLANG_CXX_LIBRARY = "libc++";
				CLANG_ENABLE_MODULES = YES;
				CLANG_ENABLE_OBJC_ARC = YES;
				CLANG_WARN_BOOL_CONVERSION = YES;
				CLANG_WARN_CONSTANT_CONVERSION = YES;
				CLANG_WARN_DIRECT_OBJC_ISA_USAGE = YES_ERROR;
				CLANG_WARN_DOCUMENTATION_COMMENTS = YES;
				CLANG_WARN_EMPTY_BODY = YES;
				CLANG_WARN_ENUM_CONVERSION = YES;
				CLANG_WARN_INFINITE_RECURSION = YES;
				CLANG_WARN_INT_CONVERSION = YES;
				CLANG_WARN_OBJC_ROOT_CLASS = YES_ERROR;
				CLANG_WARN_SUSPICIOUS_MOVE = YES;
				CLANG_WARN_UNREACHABLE_CODE = YES;
				CLANG_WARN__DUPLICATE_METHOD_MATCH = YES;
				"CODE_SIGN_IDENTITY[sdk=iphoneos*]" = "iPhone Developer";
				COPY_PHASE_STRIP = NO;
				DEBUG_INFORMATION_FORMAT = dwarf;
				ENABLE_STRICT_OBJC_MSGSEND = YES;
				ENABLE_TESTABILITY = YES;
				GCC_C_LANGUAGE_STANDARD = gnu99;
				GCC_DYNAMIC_NO_PIC = NO;
				GCC_NO_COMMON_BLOCKS = YES;
				GCC_OPTIMIZATION_LEVEL = 0;
				GCC_PREPROCESSOR_DEFINITIONS = (
					"DEBUG=1",
					"$(inherited)",
				);
				GCC_WARN_64_TO_32_BIT_CONVERSION = YES;
				GCC_WARN_ABOUT_RETURN_TYPE = YES_ERROR;
				GCC_WARN_UNDECLARED_SELECTOR = YES;
				GCC_WARN_UNINITIALIZED_AUTOS = YES_AGGRESSIVE;
				GCC_WARN_UNUSED_FUNCTION = YES;
				GCC_WARN_UNUSED_VARIABLE = YES;
				IPHONEOS_DEPLOYMENT_TARGET = 10.2;
				MTL_ENABLE_DEBUG_INFO = YES;
				ONLY_ACTIVE_ARCH = YES;
				SDKROOT = iphoneos;
				SWIFT_ACTIVE_COMPILATION_CONDITIONS = DEBUG;
				SWIFT_OPTIMIZATION_LEVEL = "-Onone";
				TARGETED_DEVICE_FAMILY = "1,2";
			};
			name = Debug;
		};
		BC871FAB1E454691000F5958 /* Release */ = {
			isa = XCBuildConfiguration;
			buildSettings = {
				ALWAYS_SEARCH_USER_PATHS = NO;
				CLANG_ANALYZER_NONNULL = YES;
				CLANG_CXX_LANGUAGE_STANDARD = "gnu++0x";
				CLANG_CXX_LIBRARY = "libc++";
				CLANG_ENABLE_MODULES = YES;
				CLANG_ENABLE_OBJC_ARC = YES;
				CLANG_WARN_BOOL_CONVERSION = YES;
				CLANG_WARN_CONSTANT_CONVERSION = YES;
				CLANG_WARN_DIRECT_OBJC_ISA_USAGE = YES_ERROR;
				CLANG_WARN_DOCUMENTATION_COMMENTS = YES;
				CLANG_WARN_EMPTY_BODY = YES;
				CLANG_WARN_ENUM_CONVERSION = YES;
				CLANG_WARN_INFINITE_RECURSION = YES;
				CLANG_WARN_INT_CONVERSION = YES;
				CLANG_WARN_OBJC_ROOT_CLASS = YES_ERROR;
				CLANG_WARN_SUSPICIOUS_MOVE = YES;
				CLANG_WARN_UNREACHABLE_CODE = YES;
				CLANG_WARN__DUPLICATE_METHOD_MATCH = YES;
				"CODE_SIGN_IDENTITY[sdk=iphoneos*]" = "iPhone Developer";
				COPY_PHASE_STRIP = NO;
				DEBUG_INFORMATION_FORMAT = "dwarf-with-dsym";
				ENABLE_NS_ASSERTIONS = NO;
				ENABLE_STRICT_OBJC_MSGSEND = YES;
				GCC_C_LANGUAGE_STANDARD = gnu99;
				GCC_NO_COMMON_BLOCKS = YES;
				GCC_WARN_64_TO_32_BIT_CONVERSION = YES;
				GCC_WARN_ABOUT_RETURN_TYPE = YES_ERROR;
				GCC_WARN_UNDECLARED_SELECTOR = YES;
				GCC_WARN_UNINITIALIZED_AUTOS = YES_AGGRESSIVE;
				GCC_WARN_UNUSED_FUNCTION = YES;
				GCC_WARN_UNUSED_VARIABLE = YES;
				IPHONEOS_DEPLOYMENT_TARGET = 10.2;
				MTL_ENABLE_DEBUG_INFO = NO;
				SDKROOT = iphoneos;
				SWIFT_OPTIMIZATION_LEVEL = "-Owholemodule";
				TARGETED_DEVICE_FAMILY = "1,2";
				VALIDATE_PRODUCT = YES;
			};
			name = Release;
		};
		BC871FAD1E454691000F5958 /* Debug */ = {
			isa = XCBuildConfiguration;
			baseConfigurationReference = EA0AA476385CAD9A46CF5AD4 /* Pods-Assignment1.debug.xcconfig */;
			buildSettings = {
				ASSETCATALOG_COMPILER_APPICON_NAME = AppIcon;
				INFOPLIST_FILE = Assignment1/Info.plist;
				LD_RUNPATH_SEARCH_PATHS = "$(inherited) @executable_path/Frameworks";
				PRODUCT_BUNDLE_IDENTIFIER = LionelEisenberg.Assignment1;
				PRODUCT_NAME = "$(TARGET_NAME)";
				SWIFT_VERSION = 3.0;
			};
			name = Debug;
		};
		BC871FAE1E454691000F5958 /* Release */ = {
			isa = XCBuildConfiguration;
			baseConfigurationReference = F894514E34A0E3E06270568E /* Pods-Assignment1.release.xcconfig */;
			buildSettings = {
				ASSETCATALOG_COMPILER_APPICON_NAME = AppIcon;
				INFOPLIST_FILE = Assignment1/Info.plist;
				LD_RUNPATH_SEARCH_PATHS = "$(inherited) @executable_path/Frameworks";
				PRODUCT_BUNDLE_IDENTIFIER = LionelEisenberg.Assignment1;
				PRODUCT_NAME = "$(TARGET_NAME)";
				SWIFT_VERSION = 3.0;
			};
			name = Release;
		};
/* End XCBuildConfiguration section */

/* Begin XCConfigurationList section */
		BC871F951E454690000F5958 /* Build configuration list for PBXProject "Assignment1" */ = {
			isa = XCConfigurationList;
			buildConfigurations = (
				BC871FAA1E454691000F5958 /* Debug */,
				BC871FAB1E454691000F5958 /* Release */,
			);
			defaultConfigurationIsVisible = 0;
			defaultConfigurationName = Release;
		};
		BC871FAC1E454691000F5958 /* Build configuration list for PBXNativeTarget "Assignment1" */ = {
			isa = XCConfigurationList;
			buildConfigurations = (
				BC871FAD1E454691000F5958 /* Debug */,
				BC871FAE1E454691000F5958 /* Release */,
			);
			defaultConfigurationIsVisible = 0;
			defaultConfigurationName = Release;
		};
/* End XCConfigurationList section */
	};
	rootObject = BC871F921E454690000F5958 /* Project object */;
}
